<?xml version="1.0" encoding="utf-8"?>
<Project ToolsVersion="4.0" xmlns="http://schemas.microsoft.com/developer/msbuild/2003">
  <ItemGroup>
    <Filter Include="Source Files">
      <UniqueIdentifier>{4FC737F1-C7A5-4376-A066-2A32D752A2FF}</UniqueIdentifier>
      <Extensions>cpp;c;cc;cxx;def;odl;idl;hpj;bat;asm;asmx</Extensions>
    </Filter>
    <Filter Include="Header Files">
      <UniqueIdentifier>{93995380-89BD-4b04-88EB-625FBE52EBFB}</UniqueIdentifier>
      <Extensions>h;hh;hpp;hxx;hm;inl;inc;xsd</Extensions>
    </Filter>
    <Filter Include="Resource Files">
      <UniqueIdentifier>{67DA6AB6-F800-4c08-8B7A-83BB121AAD01}</UniqueIdentifier>
      <Extensions>rc;ico;cur;bmp;dlg;rc2;rct;bin;rgs;gif;jpg;jpeg;jpe;resx;tiff;tif;png;wav;mfcribbon-ms</Extensions>
    </Filter>
  </ItemGroup>
  <ItemGroup>
    <ClCompile Include="WICTextureLoader.cpp">
      <Filter>Source Files</Filter>
    </ClCompile>
    <ClCompile Include="camera.cpp">
      <Filter>Source Files</Filter>
    </ClCompile>
    <ClCompile Include="constantBuffer.cpp">
      <Filter>Source Files</Filter>
    </ClCompile>
    <ClCompile Include="dxApplication.cpp">
      <Filter>Source Files</Filter>
    </ClCompile>
    <ClCompile Include="dxDevice.cpp">
      <Filter>Source Files</Filter>
    </ClCompile>
    <ClCompile Include="dxstructures.cpp">
      <Filter>Source Files</Filter>
    </ClCompile>
    <ClCompile Include="effect.cpp">
      <Filter>Source Files</Filter>
    </ClCompile>
    <ClCompile Include="exceptions.cpp">
      <Filter>Source Files</Filter>
    </ClCompile>
    <ClCompile Include="material.cpp">
      <Filter>Source Files</Filter>
    </ClCompile>
    <ClCompile Include="mesh.cpp">
      <Filter>Source Files</Filter>
    </ClCompile>
    <ClCompile Include="window.cpp">
      <Filter>Source Files</Filter>
    </ClCompile>
    <ClCompile Include="windowApplication.cpp">
      <Filter>Source Files</Filter>
    </ClCompile>
    <ClCompile Include="dxSwapChain.cpp">
      <Filter>Source Files</Filter>
    </ClCompile>
    <ClCompile Include="inputElements.cpp">
      <Filter>Source Files</Filter>
    </ClCompile>
    <ClCompile Include="inputLayoutManager.cpp">
      <Filter>Source Files</Filter>
    </ClCompile>
    <ClCompile Include="spriteRenderer.cpp">
      <Filter>Source Files</Filter>
    </ClCompile>
    <ClCompile Include="vertexDef.cpp">
      <Filter>Source Files</Filter>
    </ClCompile>
    <ClCompile Include="model.cpp">
      <Filter>Source Files</Filter>
    </ClCompile>
    <ClCompile Include="viewFrustrum.cpp">
      <Filter>Source Files</Filter>
    </ClCompile>
    <ClCompile Include="DDSTextureLoader.cpp">
      <Filter>Source Files</Filter>
    </ClCompile>
  </ItemGroup>
  <ItemGroup>
    <ClInclude Include="WICTextureLoader.h">
      <Filter>Header Files</Filter>
    </ClInclude>
    <ClInclude Include="camera.h">
      <Filter>Header Files</Filter>
    </ClInclude>
    <ClInclude Include="constantBuffer.h">
      <Filter>Header Files</Filter>
    </ClInclude>
    <ClInclude Include="dxApplication.h">
      <Filter>Header Files</Filter>
    </ClInclude>
    <ClInclude Include="dxDevice.h">
      <Filter>Header Files</Filter>
    </ClInclude>
    <ClInclude Include="dxptr.h">
      <Filter>Header Files</Filter>
    </ClInclude>
    <ClInclude Include="dxstructures.h">
      <Filter>Header Files</Filter>
    </ClInclude>
    <ClInclude Include="effect.h">
      <Filter>Header Files</Filter>
    </ClInclude>
    <ClInclude Include="exceptions.h">
      <Filter>Header Files</Filter>
    </ClInclude>
    <ClInclude Include="material.h">
      <Filter>Header Files</Filter>
    </ClInclude>
    <ClInclude Include="mesh.h">
      <Filter>Header Files</Filter>
    </ClInclude>
    <ClInclude Include="window.h">
      <Filter>Header Files</Filter>
    </ClInclude>
    <ClInclude Include="windowApplication.h">
      <Filter>Header Files</Filter>
    </ClInclude>
    <ClInclude Include="dxSwapChain.h">
      <Filter>Header Files</Filter>
    </ClInclude>
    <ClInclude Include="inputLayoutManager.h">
      <Filter>Header Files</Filter>
    </ClInclude>
    <ClInclude Include="inputElements.h">
      <Filter>Header Files</Filter>
    </ClInclude>
    <ClInclude Include="spriteRenderer.h">
      <Filter>Header Files</Filter>
    </ClInclude>
    <ClInclude Include="vertexDef.h">
      <Filter>Header Files</Filter>
    </ClInclude>
    <ClInclude Include="compressed_pair.h">
      <Filter>Header Files</Filter>
    </ClInclude>
    <ClInclude Include="ptr_vector.h">
      <Filter>Header Files</Filter>
    </ClInclude>
    <ClInclude Include="dxArray.h">
      <Filter>Header Files</Filter>
    </ClInclude>
    <ClInclude Include="clock.h">
      <Filter>Header Files</Filter>
    </ClInclude>
    <ClInclude Include="model.h">
      <Filter>Header Files</Filter>
    </ClInclude>
    <ClInclude Include="viewFrustrum.h">
      <Filter>Header Files</Filter>
    </ClInclude>
    <ClInclude Include="DDSTextureLoader.h">
      <Filter>Header Files</Filter>
    </ClInclude>
  </ItemGroup>
  <ItemGroup>
    <FxCompile Include="resources\shaders\spritePS.hlsl">
      <Filter>Resource Files</Filter>
    </FxCompile>
    <FxCompile Include="resources\shaders\spriteVS.hlsl">
      <Filter>Resource Files</Filter>
    </FxCompile>
  </ItemGroup>
</Project>